
Microsoft Visual Studio Solution File, Format Version 12.00
# Visual Studio Version 17
VisualStudioVersion = 17.1.32228.430
MinimumVisualStudioVersion = 10.0.40219.1
Project("{8BC9CEB8-8B4A-11D0-8D11-00A0C91BC942}") = "tp4_revision", "tp4_revision\tp4_revision.vcxproj", "{93219143-C585-451D-BCB1-1CF397D46BFA}"
EndProject
Global
	GlobalSection(SolutionConfigurationPlatforms) = preSolution
		Debug|x64 = Debug|x64
		Debug|x86 = Debug|x86
		Release|x64 = Release|x64
		Release|x86 = Release|x86
	EndGlobalSection
	GlobalSection(ProjectConfigurationPlatforms) = postSolution
		{93219143-C585-451D-BCB1-1CF397D46BFA}.Debug|x64.ActiveCfg = Debug|x64
		{93219143-C585-451D-BCB1-1CF397D46BFA}.Debug|x64.Build.0 = Debug|x64
		{93219143-C585-451D-BCB1-1CF397D46BFA}.Debug|x86.ActiveCfg = Debug|Win32
		{93219143-C585-451D-BCB1-1CF397D46BFA}.Debug|x86.Build.0 = Debug|Win32
		{93219143-C585-451D-BCB1-1CF397D46BFA}.Release|x64.ActiveCfg = Release|x64
		{93219143-C585-451D-BCB1-1CF397D46BFA}.Release|x64.Build.0 = Release|x64
		{93219143-C585-451D-BCB1-1CF397D46BFA}.Release|x86.ActiveCfg = Release|Win32
		{93219143-C585-451D-BCB1-1CF397D46BFA}.Release|x86.Build.0 = Release|Win32
	EndGlobalSection
	GlobalSection(SolutionProperties) = preSolution
		HideSolutionNode = FALSE
	EndGlobalSection
	GlobalSection(ExtensibilityGlobals) = postSolution
		SolutionGuid = {FCA32519-34FF-4395-B848-86316E8F232B}
	EndGlobalSection
EndGlobal
